// !$*UTF8*$!
{
	archiveVersion = 1;
	classes = {
	};
	objectVersion = 77;
	objects = {

/* Begin PBXBuildFile section */
		6C98E9462E325BE900136E98 /* KeyboardShortcuts in Frameworks */ = {isa = PBXBuildFile; productRef = 6C98E9452E325BE900136E98 /* KeyboardShortcuts */; };
/* End PBXBuildFile section */

/* Begin PBXContainerItemProxy section */
		6C98E9172E324EF500136E98 /* PBXContainerItemProxy */ = {
			isa = PBXContainerItemProxy;
			containerPortal = 6C98E8FE2E324EF300136E98 /* Project object */;
			proxyType = 1;
			remoteGlobalIDString = 6C98E9052E324EF300136E98;
			remoteInfo = ClipStruct;
		};
		6C98E9212E324EF500136E98 /* PBXContainerItemProxy */ = {
			isa = PBXContainerItemProxy;
			containerPortal = 6C98E8FE2E324EF300136E98 /* Project object */;
			proxyType = 1;
			remoteGlobalIDString = 6C98E9052E324EF300136E98;
			remoteInfo = ClipStruct;
		};
/* End PBXContainerItemProxy section */

/* Begin PBXFileReference section */
		6C98E9062E324EF300136E98 /* ClipStruct.app */ = {isa = PBXFileReference; explicitFileType = wrapper.application; includeInIndex = 0; path = ClipStruct.app; sourceTree = BUILT_PRODUCTS_DIR; };
		6C98E9162E324EF500136E98 /* ClipStructTests.xctest */ = {isa = PBXFileReference; explicitFileType = wrapper.cfbundle; includeInIndex = 0; path = ClipStructTests.xctest; sourceTree = BUILT_PRODUCTS_DIR; };
		6C98E9202E324EF500136E98 /* ClipStructUITests.xctest */ = {isa = PBXFileReference; explicitFileType = wrapper.cfbundle; includeInIndex = 0; path = ClipStructUITests.xctest; sourceTree = BUILT_PRODUCTS_DIR; };
/* End PBXFileReference section */

/* Begin PBXFileSystemSynchronizedBuildFileExceptionSet section */
		6C98E9432E32535500136E98 /* Exceptions for "ClipStruct" folder in "ClipStruct" target */ = {
			isa = PBXFileSystemSynchronizedBuildFileExceptionSet;
			membershipExceptions = (
				Info.plist,
			);
			target = 6C98E9052E324EF300136E98 /* ClipStruct */;
		};
/* End PBXFileSystemSynchronizedBuildFileExceptionSet section */

/* Begin PBXFileSystemSynchronizedRootGroup section */
		6C98E9082E324EF300136E98 /* ClipStruct */ = {
			isa = PBXFileSystemSynchronizedRootGroup;
			exceptions = (
				6C98E9432E32535500136E98 /* Exceptions for "ClipStruct" folder in "ClipStruct" target */,
			);
			path = ClipStruct;
			sourceTree = "<group>";
		};
		6C98E9192E324EF500136E98 /* ClipStructTests */ = {
			isa = PBXFileSystemSynchronizedRootGroup;
			path = ClipStructTests;
			sourceTree = "<group>";
		};
		6C98E9232E324EF500136E98 /* ClipStructUITests */ = {
			isa = PBXFileSystemSynchronizedRootGroup;
			path = ClipStructUITests;
			sourceTree = "<group>";
		};
/* End PBXFileSystemSynchronizedRootGroup section */

/* Begin PBXFrameworksBuildPhase section */
		6C98E9032E324EF300136E98 /* Frameworks */ = {
			isa = PBXFrameworksBuildPhase;
			buildActionMask = 2147483647;
			files = (
				6C98E9462E325BE900136E98 /* KeyboardShortcuts in Frameworks */,
			);
			runOnlyForDeploymentPostprocessing = 0;
		};
		6C98E9132E324EF500136E98 /* Frameworks */ = {
			isa = PBXFrameworksBuildPhase;
			buildActionMask = 2147483647;
			files = (
			);
			runOnlyForDeploymentPostprocessing = 0;
		};
		6C98E91D2E324EF500136E98 /* Frameworks */ = {
			isa = PBXFrameworksBuildPhase;
			buildActionMask = 2147483647;
			files = (
			);
			runOnlyForDeploymentPostprocessing = 0;
		};
/* End PBXFrameworksBuildPhase section */

/* Begin PBXGroup section */
		6C98E8FD2E324EF300136E98 = {
			isa = PBXGroup;
			children = (
				6C98E9082E324EF300136E98 /* ClipStruct */,
				6C98E9192E324EF500136E98 /* ClipStructTests */,
				6C98E9232E324EF500136E98 /* ClipStructUITests */,
				6C98E9072E324EF300136E98 /* Products */,
			);
			sourceTree = "<group>";
		};
		6C98E9072E324EF300136E98 /* Products */ = {
			isa = PBXGroup;
			children = (
				6C98E9062E324EF300136E98 /* ClipStruct.app */,
				6C98E9162E324EF500136E98 /* ClipStructTests.xctest */,
				6C98E9202E324EF500136E98 /* ClipStructUITests.xctest */,
			);
			name = Products;
			sourceTree = "<group>";
		};
/* End PBXGroup section */

/* Begin PBXNativeTarget section */
		6C98E9052E324EF300136E98 /* ClipStruct */ = {
			isa = PBXNativeTarget;
			buildConfigurationList = 6C98E92A2E324EF500136E98 /* Build configuration list for PBXNativeTarget "ClipStruct" */;
			buildPhases = (
				6C98E9022E324EF300136E98 /* Sources */,
				6C98E9032E324EF300136E98 /* Frameworks */,
				6C98E9042E324EF300136E98 /* Resources */,
			);
			buildRules = (
			);
			dependencies = (
			);
			fileSystemSynchronizedGroups = (
				6C98E9082E324EF300136E98 /* ClipStruct */,
			);
			name = ClipStruct;
			packageProductDependencies = (
				6C98E9452E325BE900136E98 /* KeyboardShortcuts */,
			);
			productName = ClipStruct;
			productReference = 6C98E9062E324EF300136E98 /* ClipStruct.app */;
			productType = "com.apple.product-type.application";
		};
		6C98E9152E324EF500136E98 /* ClipStructTests */ = {
			isa = PBXNativeTarget;
			buildConfigurationList = 6C98E92D2E324EF500136E98 /* Build configuration list for PBXNativeTarget "ClipStructTests" */;
			buildPhases = (
				6C98E9122E324EF500136E98 /* Sources */,
				6C98E9132E324EF500136E98 /* Frameworks */,
				6C98E9142E324EF500136E98 /* Resources */,
			);
			buildRules = (
			);
			dependencies = (
				6C98E9182E324EF500136E98 /* PBXTargetDependency */,
			);
			fileSystemSynchronizedGroups = (
				6C98E9192E324EF500136E98 /* ClipStructTests */,
			);
			name = ClipStructTests;
			packageProductDependencies = (
			);
			productName = ClipStructTests;
			productReference = 6C98E9162E324EF500136E98 /* ClipStructTests.xctest */;
			productType = "com.apple.product-type.bundle.unit-test";
		};
		6C98E91F2E324EF500136E98 /* ClipStructUITests */ = {
			isa = PBXNativeTarget;
			buildConfigurationList = 6C98E9302E324EF500136E98 /* Build configuration list for PBXNativeTarget "ClipStructUITests" */;
			buildPhases = (
				6C98E91C2E324EF500136E98 /* Sources */,
				6C98E91D2E324EF500136E98 /* Frameworks */,
				6C98E91E2E324EF500136E98 /* Resources */,
			);
			buildRules = (
			);
			dependencies = (
				6C98E9222E324EF500136E98 /* PBXTargetDependency */,
			);
			fileSystemSynchronizedGroups = (
				6C98E9232E324EF500136E98 /* ClipStructUITests */,
			);
			name = ClipStructUITests;
			packageProductDependencies = (
			);
			productName = ClipStructUITests;
			productReference = 6C98E9202E324EF500136E98 /* ClipStructUITests.xctest */;
			productType = "com.apple.product-type.bundle.ui-testing";
		};
/* End PBXNativeTarget section */

/* Begin PBXProject section */
		6C98E8FE2E324EF300136E98 /* Project object */ = {
			isa = PBXProject;
			attributes = {
				BuildIndependentTargetsInParallel = 1;
				LastSwiftUpdateCheck = 1640;
				LastUpgradeCheck = 1640;
				TargetAttributes = {
					6C98E9052E324EF300136E98 = {
						CreatedOnToolsVersion = 16.4;
					};
					6C98E9152E324EF500136E98 = {
						CreatedOnToolsVersion = 16.4;
						TestTargetID = 6C98E9052E324EF300136E98;
					};
					6C98E91F2E324EF500136E98 = {
						CreatedOnToolsVersion = 16.4;
						TestTargetID = 6C98E9052E324EF300136E98;
					};
				};
			};
			buildConfigurationList = 6C98E9012E324EF300136E98 /* Build configuration list for PBXProject "ClipStruct" */;
			developmentRegion = en;
			hasScannedForEncodings = 0;
			knownRegions = (
				en,
				Base,
			);
			mainGroup = 6C98E8FD2E324EF300136E98;
			minimizedProjectReferenceProxies = 1;
			packageReferences = (
				6C98E9442E325BE900136E98 /* XCRemoteSwiftPackageReference "KeyboardShortcuts" */,
			);
			preferredProjectObjectVersion = 77;
			productRefGroup = 6C98E9072E324EF300136E98 /* Products */;
			projectDirPath = "";
			projectRoot = "";
			targets = (
				6C98E9052E324EF300136E98 /* ClipStruct */,
				6C98E9152E324EF500136E98 /* ClipStructTests */,
				6C98E91F2E324EF500136E98 /* ClipStructUITests */,
			);
		};
/* End PBXProject section */

/* Begin PBXResourcesBuildPhase section */
		6C98E9042E324EF300136E98 /* Resources */ = {
			isa = PBXResourcesBuildPhase;
			buildActionMask = 2147483647;
			files = (
			);
			runOnlyForDeploymentPostprocessing = 0;
		};
		6C98E9142E324EF500136E98 /* Resources */ = {
			isa = PBXResourcesBuildPhase;
			buildActionMask = 2147483647;
			files = (
			);
			runOnlyForDeploymentPostprocessing = 0;
		};
		6C98E91E2E324EF500136E98 /* Resources */ = {
			isa = PBXResourcesBuildPhase;
			buildActionMask = 2147483647;
			files = (
			);
			runOnlyForDeploymentPostprocessing = 0;
		};
/* End PBXResourcesBuildPhase section */

/* Begin PBXSourcesBuildPhase section */
		6C98E9022E324EF300136E98 /* Sources */ = {
			isa = PBXSourcesBuildPhase;
			buildActionMask = 2147483647;
			files = (
			);
			runOnlyForDeploymentPostprocessing = 0;
		};
		6C98E9122E324EF500136E98 /* Sources */ = {
			isa = PBXSourcesBuildPhase;
			buildActionMask = 2147483647;
			files = (
			);
			runOnlyForDeploymentPostprocessing = 0;
		};
		6C98E91C2E324EF500136E98 /* Sources */ = {
			isa = PBXSourcesBuildPhase;
			buildActionMask = 2147483647;
			files = (
			);
			runOnlyForDeploymentPostprocessing = 0;
		};
/* End PBXSourcesBuildPhase section */

/* Begin PBXTargetDependency section */
		6C98E9182E324EF500136E98 /* PBXTargetDependency */ = {
			isa = PBXTargetDependency;
			target = 6C98E9052E324EF300136E98 /* ClipStruct */;
			targetProxy = 6C98E9172E324EF500136E98 /* PBXContainerItemProxy */;
		};
		6C98E9222E324EF500136E98 /* PBXTargetDependency */ = {
			isa = PBXTargetDependency;
			target = 6C98E9052E324EF300136E98 /* ClipStruct */;
			targetProxy = 6C98E9212E324EF500136E98 /* PBXContainerItemProxy */;
		};
/* End PBXTargetDependency section */

/* Begin XCBuildConfiguration section */
		6C98E9282E324EF500136E98 /* Debug */ = {
			isa = XCBuildConfiguration;
			buildSettings = {
				ALWAYS_SEARCH_USER_PATHS = NO;
				ASSETCATALOG_COMPILER_GENERATE_SWIFT_ASSET_SYMBOL_EXTENSIONS = YES;
				CLANG_ANALYZER_NONNULL = YES;
				CLANG_ANALYZER_NUMBER_OBJECT_CONVERSION = YES_AGGRESSIVE;
				CLANG_CXX_LANGUAGE_STANDARD = "gnu++20";
				CLANG_ENABLE_MODULES = YES;
				CLANG_ENABLE_OBJC_ARC = YES;
				CLANG_ENABLE_OBJC_WEAK = YES;
				CLANG_WARN_BLOCK_CAPTURE_AUTORELEASING = YES;
				CLANG_WARN_BOOL_CONVERSION = YES;
				CLANG_WARN_COMMA = YES;
				CLANG_WARN_CONSTANT_CONVERSION = YES;
				CLANG_WARN_DEPRECATED_OBJC_IMPLEMENTATIONS = YES;
				CLANG_WARN_DIRECT_OBJC_ISA_USAGE = YES_ERROR;
				CLANG_WARN_DOCUMENTATION_COMMENTS = YES;
				CLANG_WARN_EMPTY_BODY = YES;
				CLANG_WARN_ENUM_CONVERSION = YES;
				CLANG_WARN_INFINITE_RECURSION = YES;
				CLANG_WARN_INT_CONVERSION = YES;
				CLANG_WARN_NON_LITERAL_NULL_CONVERSION = YES;
				CLANG_WARN_OBJC_IMPLICIT_RETAIN_SELF = YES;
				CLANG_WARN_OBJC_LITERAL_CONVERSION = YES;
				CLANG_WARN_OBJC_ROOT_CLASS = YES_ERROR;
				CLANG_WARN_QUOTED_INCLUDE_IN_FRAMEWORK_HEADER = YES;
				CLANG_WARN_RANGE_LOOP_ANALYSIS = YES;
				CLANG_WARN_STRICT_PROTOTYPES = YES;
				CLANG_WARN_SUSPICIOUS_MOVE = YES;
				CLANG_WARN_UNGUARDED_AVAILABILITY = YES_AGGRESSIVE;
				CLANG_WARN_UNREACHABLE_CODE = YES;
				CLANG_WARN__DUPLICATE_METHOD_MATCH = YES;
				COPY_PHASE_STRIP = NO;
				DEBUG_INFORMATION_FORMAT = dwarf;
				DEVELOPMENT_TEAM = GLDAB93983;
				ENABLE_STRICT_OBJC_MSGSEND = YES;
				ENABLE_TESTABILITY = YES;
				ENABLE_USER_SCRIPT_SANDBOXING = YES;
				GCC_C_LANGUAGE_STANDARD = gnu17;
				GCC_DYNAMIC_NO_PIC = NO;
				GCC_NO_COMMON_BLOCKS = YES;
				GCC_OPTIMIZATION_LEVEL = 0;
				GCC_PREPROCESSOR_DEFINITIONS = (
					"DEBUG=1",
					"$(inherited)",
				);
				GCC_WARN_64_TO_32_BIT_CONVERSION = YES;
				GCC_WARN_ABOUT_RETURN_TYPE = YES_ERROR;
				GCC_WARN_UNDECLARED_SELECTOR = YES;
				GCC_WARN_UNINITIALIZED_AUTOS = YES_AGGRESSIVE;
				GCC_WARN_UNUSED_FUNCTION = YES;
				GCC_WARN_UNUSED_VARIABLE = YES;
				LOCALIZATION_PREFERS_STRING_CATALOGS = YES;
				MACOSX_DEPLOYMENT_TARGET = 15.5;
				MTL_ENABLE_DEBUG_INFO = INCLUDE_SOURCE;
				MTL_FAST_MATH = YES;
				ONLY_ACTIVE_ARCH = YES;
				SDKROOT = macosx;
				SWIFT_ACTIVE_COMPILATION_CONDITIONS = "DEBUG $(inherited)";
				SWIFT_OPTIMIZATION_LEVEL = "-Onone";
			};
			name = Debug;
		};
		6C98E9292E324EF500136E98 /* Release */ = {
			isa = XCBuildConfiguration;
			buildSettings = {
				ALWAYS_SEARCH_USER_PATHS = NO;
				ASSETCATALOG_COMPILER_GENERATE_SWIFT_ASSET_SYMBOL_EXTENSIONS = YES;
				CLANG_ANALYZER_NONNULL = YES;
				CLANG_ANALYZER_NUMBER_OBJECT_CONVERSION = YES_AGGRESSIVE;
				CLANG_CXX_LANGUAGE_STANDARD = "gnu++20";
				CLANG_ENABLE_MODULES = YES;
				CLANG_ENABLE_OBJC_ARC = YES;
				CLANG_ENABLE_OBJC_WEAK = YES;
				CLANG_WARN_BLOCK_CAPTURE_AUTORELEASING = YES;
				CLANG_WARN_BOOL_CONVERSION = YES;
				CLANG_WARN_COMMA = YES;
				CLANG_WARN_CONSTANT_CONVERSION = YES;
				CLANG_WARN_DEPRECATED_OBJC_IMPLEMENTATIONS = YES;
				CLANG_WARN_DIRECT_OBJC_ISA_USAGE = YES_ERROR;
				CLANG_WARN_DOCUMENTATION_COMMENTS = YES;
				CLANG_WARN_EMPTY_BODY = YES;
				CLANG_WARN_ENUM_CONVERSION = YES;
				CLANG_WARN_INFINITE_RECURSION = YES;
				CLANG_WARN_INT_CONVERSION = YES;
				CLANG_WARN_NON_LITERAL_NULL_CONVERSION = YES;
				CLANG_WARN_OBJC_IMPLICIT_RETAIN_SELF = YES;
				CLANG_WARN_OBJC_LITERAL_CONVERSION = YES;
				CLANG_WARN_OBJC_ROOT_CLASS = YES_ERROR;
				CLANG_WARN_QUOTED_INCLUDE_IN_FRAMEWORK_HEADER = YES;
				CLANG_WARN_RANGE_LOOP_ANALYSIS = YES;
				CLANG_WARN_STRICT_PROTOTYPES = YES;
				CLANG_WARN_SUSPICIOUS_MOVE = YES;
				CLANG_WARN_UNGUARDED_AVAILABILITY = YES_AGGRESSIVE;
				CLANG_WARN_UNREACHABLE_CODE = YES;
				CLANG_WARN__DUPLICATE_METHOD_MATCH = YES;
				COPY_PHASE_STRIP = NO;
				DEBUG_INFORMATION_FORMAT = "dwarf-with-dsym";
				DEVELOPMENT_TEAM = GLDAB93983;
				ENABLE_NS_ASSERTIONS = NO;
				ENABLE_STRICT_OBJC_MSGSEND = YES;
				ENABLE_USER_SCRIPT_SANDBOXING = YES;
				GCC_C_LANGUAGE_STANDARD = gnu17;
				GCC_NO_COMMON_BLOCKS = YES;
				GCC_WARN_64_TO_32_BIT_CONVERSION = YES;
				GCC_WARN_ABOUT_RETURN_TYPE = YES_ERROR;
				GCC_WARN_UNDECLARED_SELECTOR = YES;
				GCC_WARN_UNINITIALIZED_AUTOS = YES_AGGRESSIVE;
				GCC_WARN_UNUSED_FUNCTION = YES;
				GCC_WARN_UNUSED_VARIABLE = YES;
				LOCALIZATION_PREFERS_STRING_CATALOGS = YES;
				MACOSX_DEPLOYMENT_TARGET = 15.5;
				MTL_ENABLE_DEBUG_INFO = NO;
				MTL_FAST_MATH = YES;
				SDKROOT = macosx;
				SWIFT_COMPILATION_MODE = wholemodule;
			};
			name = Release;
		};
		6C98E92B2E324EF500136E98 /* Debug */ = {
			isa = XCBuildConfiguration;
			buildSettings = {
				ASSETCATALOG_COMPILER_APPICON_NAME = AppIcon;
				ASSETCATALOG_COMPILER_GLOBAL_ACCENT_COLOR_NAME = AccentColor;
				CODE_SIGN_ENTITLEMENTS = ClipStruct/ClipStruct.entitlements;
				"CODE_SIGN_IDENTITY[sdk=macosx*]" = "-";
				CODE_SIGN_STYLE = Automatic;
				COMBINE_HIDPI_IMAGES = YES;
				CURRENT_PROJECT_VERSION = 1;
				DEVELOPMENT_TEAM = GLDAB93983;
				ENABLE_HARDENED_RUNTIME = YES;
				ENABLE_PREVIEWS = YES;
				GENERATE_INFOPLIST_FILE = YES;
				INFOPLIST_FILE = ClipStruct/Info.plist;
				INFOPLIST_KEY_CFBundleDisplayName = "Clip Struct";
				INFOPLIST_KEY_LSApplicationCategoryType = "public.app-category.utilities";
				INFOPLIST_KEY_LSUIElement = YES;
				INFOPLIST_KEY_NSHumanReadableCopyright = "Copyright © 2025 ClipStruct. All rights reserved.";
				LD_RUNPATH_SEARCH_PATHS = (
					"$(inherited)",
					"@executable_path/../Frameworks",
				);
				MACOSX_DEPLOYMENT_TARGET = 14.6;
				MARKETING_VERSION = 1.0;
				PRODUCT_BUNDLE_IDENTIFIER = com.heyshinde.clipstruct;
				PRODUCT_NAME = "$(TARGET_NAME)";
				REGISTER_APP_GROUPS = YES;
				SWIFT_EMIT_LOC_STRINGS = YES;
				SWIFT_VERSION = 5.0;
			};
			name = Debug;
		};
		6C98E92C2E324EF500136E98 /* Release */ = {
			isa = XCBuildConfiguration;
			buildSettings = {
				ASSETCATALOG_COMPILER_APPICON_NAME = AppIcon;
				ASSETCATALOG_COMPILER_GLOBAL_ACCENT_COLOR_NAME = AccentColor;
				CODE_SIGN_ENTITLEMENTS = ClipStruct/ClipStruct.entitlements;
				"CODE_SIGN_IDENTITY[sdk=macosx*]" = "-";
				CODE_SIGN_STYLE = Automatic;
				COMBINE_HIDPI_IMAGES = YES;
				CURRENT_PROJECT_VERSION = 1;
				DEVELOPMENT_TEAM = GLDAB93983;
				ENABLE_HARDENED_RUNTIME = YES;
				ENABLE_PREVIEWS = YES;
				GENERATE_INFOPLIST_FILE = YES;
				INFOPLIST_FILE = ClipStruct/Info.plist;
				INFOPLIST_KEY_CFBundleDisplayName = "Clip Struct";
				INFOPLIST_KEY_LSApplicationCategoryType = "public.app-category.utilities";
				INFOPLIST_KEY_LSUIElement = YES;
				INFOPLIST_KEY_NSHumanReadableCopyright = "Copyright © 2025 ClipStruct. All rights reserved.";
				LD_RUNPATH_SEARCH_PATHS = (
					"$(inherited)",
					"@executable_path/../Frameworks",
				);
				MACOSX_DEPLOYMENT_TARGET = 14.6;
				MARKETING_VERSION = 1.0;
				PRODUCT_BUNDLE_IDENTIFIER = com.heyshinde.clipstruct;
				PRODUCT_NAME = "$(TARGET_NAME)";
				REGISTER_APP_GROUPS = YES;
				SWIFT_EMIT_LOC_STRINGS = YES;
				SWIFT_VERSION = 5.0;
			};
			name = Release;
		};
		6C98E92E2E324EF500136E98 /* Debug */ = {
			isa = XCBuildConfiguration;
			buildSettings = {
				BUNDLE_LOADER = "$(TEST_HOST)";
				CODE_SIGN_STYLE = Automatic;
				CURRENT_PROJECT_VERSION = 1;
				DEVELOPMENT_TEAM = GLDAB93983;
				GENERATE_INFOPLIST_FILE = YES;
				MACOSX_DEPLOYMENT_TARGET = 14.0;
				MARKETING_VERSION = 1.0;
				PRODUCT_BUNDLE_IDENTIFIER = com.thepurplestruct.ClipStructTests;
				PRODUCT_NAME = "$(TARGET_NAME)";
				SWIFT_EMIT_LOC_STRINGS = NO;
				SWIFT_VERSION = 5.0;
				TEST_HOST = "$(BUILT_PRODUCTS_DIR)/ClipStruct.app/$(BUNDLE_EXECUTABLE_FOLDER_PATH)/ClipStruct";
			};
			name = Debug;
		};
		6C98E92F2E324EF500136E98 /* Release */ = {
			isa = XCBuildConfiguration;
			buildSettings = {
				BUNDLE_LOADER = "$(TEST_HOST)";
				CODE_SIGN_STYLE = Automatic;
				CURRENT_PROJECT_VERSION = 1;
				DEVELOPMENT_TEAM = GLDAB93983;
				GENERATE_INFOPLIST_FILE = YES;
				MACOSX_DEPLOYMENT_TARGET = 14.0;
				MARKETING_VERSION = 1.0;
				PRODUCT_BUNDLE_IDENTIFIER = com.thepurplestruct.ClipStructTests;
				PRODUCT_NAME = "$(TARGET_NAME)";
				SWIFT_EMIT_LOC_STRINGS = NO;
				SWIFT_VERSION = 5.0;
				TEST_HOST = "$(BUILT_PRODUCTS_DIR)/ClipStruct.app/$(BUNDLE_EXECUTABLE_FOLDER_PATH)/ClipStruct";
			};
			name = Release;
		};
		6C98E9312E324EF500136E98 /* Debug */ = {
			isa = XCBuildConfiguration;
			buildSettings = {
				CODE_SIGN_STYLE = Automatic;
				CURRENT_PROJECT_VERSION = 1;
				DEVELOPMENT_TEAM = GLDAB93983;
				GENERATE_INFOPLIST_FILE = YES;
				MARKETING_VERSION = 1.0;
				PRODUCT_BUNDLE_IDENTIFIER = com.thepurplestruct.ClipStructUITests;
				PRODUCT_NAME = "$(TARGET_NAME)";
				SWIFT_EMIT_LOC_STRINGS = NO;
				SWIFT_VERSION = 5.0;
				TEST_TARGET_NAME = ClipStruct;
			};
			name = Debug;
		};
		6C98E9322E324EF500136E98 /* Release */ = {
			isa = XCBuildConfiguration;
			buildSettings = {
				CODE_SIGN_STYLE = Automatic;
				CURRENT_PROJECT_VERSION = 1;
				DEVELOPMENT_TEAM = GLDAB93983;
				GENERATE_INFOPLIST_FILE = YES;
				MARKETING_VERSION = 1.0;
				PRODUCT_BUNDLE_IDENTIFIER = com.thepurplestruct.ClipStructUITests;
				PRODUCT_NAME = "$(TARGET_NAME)";
				SWIFT_EMIT_LOC_STRINGS = NO;
				SWIFT_VERSION = 5.0;
				TEST_TARGET_NAME = ClipStruct;
			};
			name = Release;
		};
/* End XCBuildConfiguration section */

/* Begin XCConfigurationList section */
		6C98E9012E324EF300136E98 /* Build configuration list for PBXProject "ClipStruct" */ = {
			isa = XCConfigurationList;
			buildConfigurations = (
				6C98E9282E324EF500136E98 /* Debug */,
				6C98E9292E324EF500136E98 /* Release */,
			);
			defaultConfigurationIsVisible = 0;
			defaultConfigurationName = Release;
		};
		6C98E92A2E324EF500136E98 /* Build configuration list for PBXNativeTarget "ClipStruct" */ = {
			isa = XCConfigurationList;
			buildConfigurations = (
				6C98E92B2E324EF500136E98 /* Debug */,
				6C98E92C2E324EF500136E98 /* Release */,
			);
			defaultConfigurationIsVisible = 0;
			defaultConfigurationName = Release;
		};
		6C98E92D2E324EF500136E98 /* Build configuration list for PBXNativeTarget "ClipStructTests" */ = {
			isa = XCConfigurationList;
			buildConfigurations = (
				6C98E92E2E324EF500136E98 /* Debug */,
				6C98E92F2E324EF500136E98 /* Release */,
			);
			defaultConfigurationIsVisible = 0;
			defaultConfigurationName = Release;
		};
		6C98E9302E324EF500136E98 /* Build configuration list for PBXNativeTarget "ClipStructUITests" */ = {
			isa = XCConfigurationList;
			buildConfigurations = (
				6C98E9312E324EF500136E98 /* Debug */,
				6C98E9322E324EF500136E98 /* Release */,
			);
			defaultConfigurationIsVisible = 0;
			defaultConfigurationName = Release;
		};
/* End XCConfigurationList section */

/* Begin XCRemoteSwiftPackageReference section */
		6C98E9442E325BE900136E98 /* XCRemoteSwiftPackageReference "KeyboardShortcuts" */ = {
			isa = XCRemoteSwiftPackageReference;
			repositoryURL = "https://github.com/sindresorhus/KeyboardShortcuts";
			requirement = {
				kind = upToNextMajorVersion;
				minimumVersion = 2.3.0;
			};
		};
/* End XCRemoteSwiftPackageReference section */

/* Begin XCSwiftPackageProductDependency section */
		6C98E9452E325BE900136E98 /* KeyboardShortcuts */ = {
			isa = XCSwiftPackageProductDependency;
			package = 6C98E9442E325BE900136E98 /* XCRemoteSwiftPackageReference "KeyboardShortcuts" */;
			productName = KeyboardShortcuts;
		};
/* End XCSwiftPackageProductDependency section */
	};
	rootObject = 6C98E8FE2E324EF300136E98 /* Project object */;
}
